
Microsoft Visual Studio Solution File, Format Version 12.00
# Visual Studio Version 17
VisualStudioVersion = 17.1.32210.238
MinimumVisualStudioVersion = 10.0.40219.1
Project("{FAE04EC0-301F-11D3-BF4B-00C04F79EFBC}") = "GuniKitchenProject", "GuniKitchenProject\GuniKitchenProject.csproj", "{8D2D591B-A1FB-4FCD-BBE1-0846CAF53797}"
EndProject
Global
	GlobalSection(SolutionConfigurationPlatforms) = preSolution
		Debug|Any CPU = Debug|Any CPU
		Release|Any CPU = Release|Any CPU
	EndGlobalSection
	GlobalSection(ProjectConfigurationPlatforms) = postSolution
		{8D2D591B-A1FB-4FCD-BBE1-0846CAF53797}.Debug|Any CPU.ActiveCfg = Debug|Any CPU
		{8D2D591B-A1FB-4FCD-BBE1-0846CAF53797}.Debug|Any CPU.Build.0 = Debug|Any CPU
		{8D2D591B-A1FB-4FCD-BBE1-0846CAF53797}.Release|Any CPU.ActiveCfg = Release|Any CPU
		{8D2D591B-A1FB-4FCD-BBE1-0846CAF53797}.Release|Any CPU.Build.0 = Release|Any CPU
	EndGlobalSection
	GlobalSection(SolutionProperties) = preSolution
		HideSolutionNode = FALSE
	EndGlobalSection
	GlobalSection(ExtensibilityGlobals) = postSolution
		SolutionGuid = {E66B5289-8BDF-4C81-B767-7F16CECD3DA4}
	EndGlobalSection
EndGlobal
